
Microsoft Visual Studio Solution File, Format Version 12.00
# Visual Studio Version 17
VisualStudioVersion = 17.13.35931.197 d17.13
MinimumVisualStudioVersion = 10.0.40219.1
Project("{888888A0-9F3D-457C-B088-3A5042F75D52}") = "TaroPlatonBot", "TaroPlatonBot\TaroPlatonBot.pyproj", "{9B106C8C-20CC-463A-93C7-4E6B9E5D5AFE}"
EndProject
Global
	GlobalSection(SolutionConfigurationPlatforms) = preSolution
		Debug|Any CPU = Debug|Any CPU
		Release|Any CPU = Release|Any CPU
	EndGlobalSection
	GlobalSection(ProjectConfigurationPlatforms) = postSolution
		{9B106C8C-20CC-463A-93C7-4E6B9E5D5AFE}.Debug|Any CPU.ActiveCfg = Debug|Any CPU
		{9B106C8C-20CC-463A-93C7-4E6B9E5D5AFE}.Release|Any CPU.ActiveCfg = Release|Any CPU
	EndGlobalSection
	GlobalSection(SolutionProperties) = preSolution
		HideSolutionNode = FALSE
	EndGlobalSection
	GlobalSection(ExtensibilityGlobals) = postSolution
		SolutionGuid = {4D63D4C7-58D4-462C-9C97-CD4EADD34095}
	EndGlobalSection
EndGlobal
